// !$*UTF8*$!
{
	archiveVersion = 1;
	classes = {
	};
	objectVersion = 50;
	objects = {

/* Begin PBXBuildFile section */
		8D49793220F4551B00C18D9D /* demo.pdf in Resources */ = {isa = PBXBuildFile; fileRef = 8D49793120F4551B00C18D9D /* demo.pdf */; };
		8D49793820F4885B00C18D9D /* ETHRScanViewController.m in Sources */ = {isa = PBXBuildFile; fileRef = 8D49793720F4885B00C18D9D /* ETHRScanViewController.m */; };
		8D49793B20F48C5300C18D9D /* ETHRBookListController.m in Sources */ = {isa = PBXBuildFile; fileRef = 8D49793A20F48C5300C18D9D /* ETHRBookListController.m */; };
		8D49794320F490B900C18D9D /* PDFKit.framework in Frameworks */ = {isa = PBXBuildFile; fileRef = 8DC118D520F44B82000726DA /* PDFKit.framework */; };
		8D49794620F4918D00C18D9D /* PDFTempToolbar.m in Sources */ = {isa = PBXBuildFile; fileRef = 8D49794520F4918D00C18D9D /* PDFTempToolbar.m */; };
		8D49794820F4919500C18D9D /* PDFTempToolbar.xib in Resources */ = {isa = PBXBuildFile; fileRef = 8D49794720F4919500C18D9D /* PDFTempToolbar.xib */; };
		8D49794B20F492C000C18D9D /* ETHBaseViewController.m in Sources */ = {isa = PBXBuildFile; fileRef = 8D49794A20F492C000C18D9D /* ETHBaseViewController.m */; };
		8D49794F20F4945C00C18D9D /* NSBundle+ETHR.m in Sources */ = {isa = PBXBuildFile; fileRef = 8D49794E20F4945C00C18D9D /* NSBundle+ETHR.m */; };
		8DC118A420F44B72000726DA /* AppDelegate.m in Sources */ = {isa = PBXBuildFile; fileRef = 8DC118A320F44B72000726DA /* AppDelegate.m */; };
		8DC118AA20F44B72000726DA /* Main.storyboard in Resources */ = {isa = PBXBuildFile; fileRef = 8DC118A820F44B72000726DA /* Main.storyboard */; };
		8DC118AC20F44B73000726DA /* Assets.xcassets in Resources */ = {isa = PBXBuildFile; fileRef = 8DC118AB20F44B73000726DA /* Assets.xcassets */; };
		8DC118AF20F44B73000726DA /* LaunchScreen.storyboard in Resources */ = {isa = PBXBuildFile; fileRef = 8DC118AD20F44B73000726DA /* LaunchScreen.storyboard */; };
		8DC118B220F44B73000726DA /* main.m in Sources */ = {isa = PBXBuildFile; fileRef = 8DC118B120F44B73000726DA /* main.m */; };
		8DC118BC20F44B73000726DA /* PDFReaderTests.m in Sources */ = {isa = PBXBuildFile; fileRef = 8DC118BB20F44B73000726DA /* PDFReaderTests.m */; };
		8DC118C720F44B73000726DA /* PDFReaderUITests.m in Sources */ = {isa = PBXBuildFile; fileRef = 8DC118C620F44B73000726DA /* PDFReaderUITests.m */; };
		CB676294BF4787A1C08D2690 /* libPods-PDFReader.a in Frameworks */ = {isa = PBXBuildFile; fileRef = 0E107AB091C4A900240889BE /* libPods-PDFReader.a */; };
/* End PBXBuildFile section */

/* Begin PBXContainerItemProxy section */
		8DC118B820F44B73000726DA /* PBXContainerItemProxy */ = {
			isa = PBXContainerItemProxy;
			containerPortal = 8DC1189720F44B72000726DA /* Project object */;
			proxyType = 1;
			remoteGlobalIDString = 8DC1189E20F44B72000726DA;
			remoteInfo = PDFReader;
		};
		8DC118C320F44B73000726DA /* PBXContainerItemProxy */ = {
			isa = PBXContainerItemProxy;
			containerPortal = 8DC1189720F44B72000726DA /* Project object */;
			proxyType = 1;
			remoteGlobalIDString = 8DC1189E20F44B72000726DA;
			remoteInfo = PDFReader;
		};
/* End PBXContainerItemProxy section */

/* Begin PBXFileReference section */
		0E107AB091C4A900240889BE /* libPods-PDFReader.a */ = {isa = PBXFileReference; explicitFileType = archive.ar; includeInIndex = 0; path = "libPods-PDFReader.a"; sourceTree = BUILT_PRODUCTS_DIR; };
		32DE8017391E49045E9A0A5B /* Pods-PDFReader.debug.xcconfig */ = {isa = PBXFileReference; includeInIndex = 1; lastKnownFileType = text.xcconfig; name = "Pods-PDFReader.debug.xcconfig"; path = "Pods/Target Support Files/Pods-PDFReader/Pods-PDFReader.debug.xcconfig"; sourceTree = "<group>"; };
		74562DA3DA87414147E58199 /* libPods-PDFReaderUITests.a */ = {isa = PBXFileReference; explicitFileType = archive.ar; includeInIndex = 0; path = "libPods-PDFReaderUITests.a"; sourceTree = BUILT_PRODUCTS_DIR; };
		842FCA60CFB0A77B9C7C76FC /* libPods-PDFReaderTests.a */ = {isa = PBXFileReference; explicitFileType = archive.ar; includeInIndex = 0; path = "libPods-PDFReaderTests.a"; sourceTree = BUILT_PRODUCTS_DIR; };
		8D49793120F4551B00C18D9D /* demo.pdf */ = {isa = PBXFileReference; lastKnownFileType = image.pdf; path = demo.pdf; sourceTree = "<group>"; };
		8D49793620F4885B00C18D9D /* ETHRScanViewController.h */ = {isa = PBXFileReference; lastKnownFileType = sourcecode.c.h; path = ETHRScanViewController.h; sourceTree = "<group>"; };
		8D49793720F4885B00C18D9D /* ETHRScanViewController.m */ = {isa = PBXFileReference; lastKnownFileType = sourcecode.c.objc; path = ETHRScanViewController.m; sourceTree = "<group>"; };
		8D49793920F48C5300C18D9D /* ETHRBookListController.h */ = {isa = PBXFileReference; lastKnownFileType = sourcecode.c.h; path = ETHRBookListController.h; sourceTree = "<group>"; };
		8D49793A20F48C5300C18D9D /* ETHRBookListController.m */ = {isa = PBXFileReference; lastKnownFileType = sourcecode.c.objc; path = ETHRBookListController.m; sourceTree = "<group>"; };
		8D49793D20F48E6B00C18D9D /* PDFReader-PrefixHeader.pch */ = {isa = PBXFileReference; fileEncoding = 4; lastKnownFileType = sourcecode.c.h; name = "PDFReader-PrefixHeader.pch"; path = "PDFReader/MISC/PDFReader-PrefixHeader.pch"; sourceTree = SOURCE_ROOT; };
		8D49794420F4918D00C18D9D /* PDFTempToolbar.h */ = {isa = PBXFileReference; lastKnownFileType = sourcecode.c.h; path = PDFTempToolbar.h; sourceTree = "<group>"; };
		8D49794520F4918D00C18D9D /* PDFTempToolbar.m */ = {isa = PBXFileReference; lastKnownFileType = sourcecode.c.objc; path = PDFTempToolbar.m; sourceTree = "<group>"; };
		8D49794720F4919500C18D9D /* PDFTempToolbar.xib */ = {isa = PBXFileReference; lastKnownFileType = file.xib; path = PDFTempToolbar.xib; sourceTree = "<group>"; };
		8D49794920F492C000C18D9D /* ETHBaseViewController.h */ = {isa = PBXFileReference; lastKnownFileType = sourcecode.c.h; path = ETHBaseViewController.h; sourceTree = "<group>"; };
		8D49794A20F492C000C18D9D /* ETHBaseViewController.m */ = {isa = PBXFileReference; lastKnownFileType = sourcecode.c.objc; path = ETHBaseViewController.m; sourceTree = "<group>"; };
		8D49794D20F4945C00C18D9D /* NSBundle+ETHR.h */ = {isa = PBXFileReference; lastKnownFileType = sourcecode.c.h; path = "NSBundle+ETHR.h"; sourceTree = "<group>"; };
		8D49794E20F4945C00C18D9D /* NSBundle+ETHR.m */ = {isa = PBXFileReference; lastKnownFileType = sourcecode.c.objc; path = "NSBundle+ETHR.m"; sourceTree = "<group>"; };
		8DC1189F20F44B72000726DA /* PDFReader.app */ = {isa = PBXFileReference; explicitFileType = wrapper.application; includeInIndex = 0; path = PDFReader.app; sourceTree = BUILT_PRODUCTS_DIR; };
		8DC118A220F44B72000726DA /* AppDelegate.h */ = {isa = PBXFileReference; lastKnownFileType = sourcecode.c.h; path = AppDelegate.h; sourceTree = "<group>"; };
		8DC118A320F44B72000726DA /* AppDelegate.m */ = {isa = PBXFileReference; lastKnownFileType = sourcecode.c.objc; path = AppDelegate.m; sourceTree = "<group>"; };
		8DC118A920F44B72000726DA /* Base */ = {isa = PBXFileReference; lastKnownFileType = file.storyboard; name = Base; path = Base.lproj/Main.storyboard; sourceTree = "<group>"; };
		8DC118AB20F44B73000726DA /* Assets.xcassets */ = {isa = PBXFileReference; lastKnownFileType = folder.assetcatalog; path = Assets.xcassets; sourceTree = "<group>"; };
		8DC118AE20F44B73000726DA /* Base */ = {isa = PBXFileReference; lastKnownFileType = file.storyboard; name = Base; path = Base.lproj/LaunchScreen.storyboard; sourceTree = "<group>"; };
		8DC118B020F44B73000726DA /* Info.plist */ = {isa = PBXFileReference; lastKnownFileType = text.plist.xml; path = Info.plist; sourceTree = "<group>"; };
		8DC118B120F44B73000726DA /* main.m */ = {isa = PBXFileReference; lastKnownFileType = sourcecode.c.objc; path = main.m; sourceTree = "<group>"; };
		8DC118B720F44B73000726DA /* PDFReaderTests.xctest */ = {isa = PBXFileReference; explicitFileType = wrapper.cfbundle; includeInIndex = 0; path = PDFReaderTests.xctest; sourceTree = BUILT_PRODUCTS_DIR; };
		8DC118BB20F44B73000726DA /* PDFReaderTests.m */ = {isa = PBXFileReference; lastKnownFileType = sourcecode.c.objc; path = PDFReaderTests.m; sourceTree = "<group>"; };
		8DC118BD20F44B73000726DA /* Info.plist */ = {isa = PBXFileReference; lastKnownFileType = text.plist.xml; path = Info.plist; sourceTree = "<group>"; };
		8DC118C220F44B73000726DA /* PDFReaderUITests.xctest */ = {isa = PBXFileReference; explicitFileType = wrapper.cfbundle; includeInIndex = 0; path = PDFReaderUITests.xctest; sourceTree = BUILT_PRODUCTS_DIR; };
		8DC118C620F44B73000726DA /* PDFReaderUITests.m */ = {isa = PBXFileReference; lastKnownFileType = sourcecode.c.objc; path = PDFReaderUITests.m; sourceTree = "<group>"; };
		8DC118C820F44B73000726DA /* Info.plist */ = {isa = PBXFileReference; lastKnownFileType = text.plist.xml; path = Info.plist; sourceTree = "<group>"; };
		8DC118D520F44B82000726DA /* PDFKit.framework */ = {isa = PBXFileReference; lastKnownFileType = wrapper.framework; name = PDFKit.framework; path = System/Library/Frameworks/PDFKit.framework; sourceTree = SDKROOT; };
		EDBAF6CB29C9EDD1DA85563B /* Pods-PDFReader.release.xcconfig */ = {isa = PBXFileReference; includeInIndex = 1; lastKnownFileType = text.xcconfig; name = "Pods-PDFReader.release.xcconfig"; path = "Pods/Target Support Files/Pods-PDFReader/Pods-PDFReader.release.xcconfig"; sourceTree = "<group>"; };
/* End PBXFileReference section */

/* Begin PBXFrameworksBuildPhase section */
		8DC1189C20F44B72000726DA /* Frameworks */ = {
			isa = PBXFrameworksBuildPhase;
			buildActionMask = 2147483647;
			files = (
				8D49794320F490B900C18D9D /* PDFKit.framework in Frameworks */,
				CB676294BF4787A1C08D2690 /* libPods-PDFReader.a in Frameworks */,
			);
			runOnlyForDeploymentPostprocessing = 0;
		};
		8DC118B420F44B73000726DA /* Frameworks */ = {
			isa = PBXFrameworksBuildPhase;
			buildActionMask = 2147483647;
			files = (
			);
			runOnlyForDeploymentPostprocessing = 0;
		};
		8DC118BF20F44B73000726DA /* Frameworks */ = {
			isa = PBXFrameworksBuildPhase;
			buildActionMask = 2147483647;
			files = (
			);
			runOnlyForDeploymentPostprocessing = 0;
		};
/* End PBXFrameworksBuildPhase section */

/* Begin PBXGroup section */
		42E19BEB3C9A898A8FBD40AA /* Pods */ = {
			isa = PBXGroup;
			children = (
				32DE8017391E49045E9A0A5B /* Pods-PDFReader.debug.xcconfig */,
				EDBAF6CB29C9EDD1DA85563B /* Pods-PDFReader.release.xcconfig */,
			);
			name = Pods;
			sourceTree = "<group>";
		};
		8D49793E20F48EBF00C18D9D /* MISC */ = {
			isa = PBXGroup;
			children = (
				8DC118AD20F44B73000726DA /* LaunchScreen.storyboard */,
				8DC118A220F44B72000726DA /* AppDelegate.h */,
				8DC118A320F44B72000726DA /* AppDelegate.m */,
				8DC118A820F44B72000726DA /* Main.storyboard */,
				8D49793D20F48E6B00C18D9D /* PDFReader-PrefixHeader.pch */,
			);
			path = MISC;
			sourceTree = "<group>";
		};
		8D49793F20F48F2900C18D9D /* Resources */ = {
			isa = PBXGroup;
			children = (
				8DC118B120F44B73000726DA /* main.m */,
				8D49793120F4551B00C18D9D /* demo.pdf */,
				8DC118AB20F44B73000726DA /* Assets.xcassets */,
			);
			path = Resources;
			sourceTree = "<group>";
		};
		8D49794020F48F6D00C18D9D /* Common */ = {
			isa = PBXGroup;
			children = (
				8D49794920F492C000C18D9D /* ETHBaseViewController.h */,
				8D49794A20F492C000C18D9D /* ETHBaseViewController.m */,
			);
			path = Common;
			sourceTree = "<group>";
		};
		8D49794120F48F8F00C18D9D /* BookList */ = {
			isa = PBXGroup;
			children = (
				8D49793920F48C5300C18D9D /* ETHRBookListController.h */,
				8D49793A20F48C5300C18D9D /* ETHRBookListController.m */,
			);
			path = BookList;
			sourceTree = "<group>";
		};
		8D49794220F48F9B00C18D9D /* Scan */ = {
			isa = PBXGroup;
			children = (
				8D49793620F4885B00C18D9D /* ETHRScanViewController.h */,
				8D49793720F4885B00C18D9D /* ETHRScanViewController.m */,
				8D49794420F4918D00C18D9D /* PDFTempToolbar.h */,
				8D49794520F4918D00C18D9D /* PDFTempToolbar.m */,
				8D49794720F4919500C18D9D /* PDFTempToolbar.xib */,
			);
			path = Scan;
			sourceTree = "<group>";
		};
		8D49794C20F4943200C18D9D /* Categories */ = {
			isa = PBXGroup;
			children = (
				8D49794D20F4945C00C18D9D /* NSBundle+ETHR.h */,
				8D49794E20F4945C00C18D9D /* NSBundle+ETHR.m */,
			);
			path = Categories;
			sourceTree = "<group>";
		};
		8DC1189620F44B72000726DA = {
			isa = PBXGroup;
			children = (
				8DC118A120F44B72000726DA /* PDFReader */,
				8DC118BA20F44B73000726DA /* PDFReaderTests */,
				8DC118C520F44B73000726DA /* PDFReaderUITests */,
				8DC118A020F44B72000726DA /* Products */,
				8DC118D420F44B82000726DA /* Frameworks */,
				42E19BEB3C9A898A8FBD40AA /* Pods */,
			);
			sourceTree = "<group>";
		};
		8DC118A020F44B72000726DA /* Products */ = {
			isa = PBXGroup;
			children = (
				8DC1189F20F44B72000726DA /* PDFReader.app */,
				8DC118B720F44B73000726DA /* PDFReaderTests.xctest */,
				8DC118C220F44B73000726DA /* PDFReaderUITests.xctest */,
			);
			name = Products;
			sourceTree = "<group>";
		};
		8DC118A120F44B72000726DA /* PDFReader */ = {
			isa = PBXGroup;
			children = (
				8D49794220F48F9B00C18D9D /* Scan */,
				8D49794120F48F8F00C18D9D /* BookList */,
				8DC118B020F44B73000726DA /* Info.plist */,
				8D49794020F48F6D00C18D9D /* Common */,
				8D49793F20F48F2900C18D9D /* Resources */,
				8D49794C20F4943200C18D9D /* Categories */,
				8D49793E20F48EBF00C18D9D /* MISC */,
			);
			path = PDFReader;
			sourceTree = "<group>";
		};
		8DC118BA20F44B73000726DA /* PDFReaderTests */ = {
			isa = PBXGroup;
			children = (
				8DC118BB20F44B73000726DA /* PDFReaderTests.m */,
				8DC118BD20F44B73000726DA /* Info.plist */,
			);
			path = PDFReaderTests;
			sourceTree = "<group>";
		};
		8DC118C520F44B73000726DA /* PDFReaderUITests */ = {
			isa = PBXGroup;
			children = (
				8DC118C620F44B73000726DA /* PDFReaderUITests.m */,
				8DC118C820F44B73000726DA /* Info.plist */,
			);
			path = PDFReaderUITests;
			sourceTree = "<group>";
		};
		8DC118D420F44B82000726DA /* Frameworks */ = {
			isa = PBXGroup;
			children = (
				8DC118D520F44B82000726DA /* PDFKit.framework */,
				0E107AB091C4A900240889BE /* libPods-PDFReader.a */,
				842FCA60CFB0A77B9C7C76FC /* libPods-PDFReaderTests.a */,
				74562DA3DA87414147E58199 /* libPods-PDFReaderUITests.a */,
			);
			name = Frameworks;
			sourceTree = "<group>";
		};
/* End PBXGroup section */

/* Begin PBXNativeTarget section */
		8DC1189E20F44B72000726DA /* PDFReader */ = {
			isa = PBXNativeTarget;
			buildConfigurationList = 8DC118CB20F44B73000726DA /* Build configuration list for PBXNativeTarget "PDFReader" */;
			buildPhases = (
				53B317CA4BE4BB0B68AD85FB /* [CP] Check Pods Manifest.lock */,
				8DC1189B20F44B72000726DA /* Sources */,
				8DC1189C20F44B72000726DA /* Frameworks */,
				8DC1189D20F44B72000726DA /* Resources */,
			);
			buildRules = (
			);
			dependencies = (
			);
			name = PDFReader;
			productName = PDFReader;
			productReference = 8DC1189F20F44B72000726DA /* PDFReader.app */;
			productType = "com.apple.product-type.application";
		};
		8DC118B620F44B73000726DA /* PDFReaderTests */ = {
			isa = PBXNativeTarget;
			buildConfigurationList = 8DC118CE20F44B73000726DA /* Build configuration list for PBXNativeTarget "PDFReaderTests" */;
			buildPhases = (
				8DC118B320F44B73000726DA /* Sources */,
				8DC118B420F44B73000726DA /* Frameworks */,
				8DC118B520F44B73000726DA /* Resources */,
			);
			buildRules = (
			);
			dependencies = (
				8DC118B920F44B73000726DA /* PBXTargetDependency */,
			);
			name = PDFReaderTests;
			productName = PDFReaderTests;
			productReference = 8DC118B720F44B73000726DA /* PDFReaderTests.xctest */;
			productType = "com.apple.product-type.bundle.unit-test";
		};
		8DC118C120F44B73000726DA /* PDFReaderUITests */ = {
			isa = PBXNativeTarget;
			buildConfigurationList = 8DC118D120F44B73000726DA /* Build configuration list for PBXNativeTarget "PDFReaderUITests" */;
			buildPhases = (
				8DC118BE20F44B73000726DA /* Sources */,
				8DC118BF20F44B73000726DA /* Frameworks */,
				8DC118C020F44B73000726DA /* Resources */,
			);
			buildRules = (
			);
			dependencies = (
				8DC118C420F44B73000726DA /* PBXTargetDependency */,
			);
			name = PDFReaderUITests;
			productName = PDFReaderUITests;
			productReference = 8DC118C220F44B73000726DA /* PDFReaderUITests.xctest */;
			productType = "com.apple.product-type.bundle.ui-testing";
		};
/* End PBXNativeTarget section */

/* Begin PBXProject section */
		8DC1189720F44B72000726DA /* Project object */ = {
			isa = PBXProject;
			attributes = {
				LastUpgradeCheck = 1000;
				ORGANIZATIONNAME = fangshufeng;
				TargetAttributes = {
					8DC1189E20F44B72000726DA = {
						CreatedOnToolsVersion = 10.0;
					};
					8DC118B620F44B73000726DA = {
						CreatedOnToolsVersion = 10.0;
						TestTargetID = 8DC1189E20F44B72000726DA;
					};
					8DC118C120F44B73000726DA = {
						CreatedOnToolsVersion = 10.0;
						TestTargetID = 8DC1189E20F44B72000726DA;
					};
				};
			};
			buildConfigurationList = 8DC1189A20F44B72000726DA /* Build configuration list for PBXProject "PDFReader" */;
			compatibilityVersion = "Xcode 9.3";
			developmentRegion = en;
			hasScannedForEncodings = 0;
			knownRegions = (
				en,
				Base,
			);
			mainGroup = 8DC1189620F44B72000726DA;
			productRefGroup = 8DC118A020F44B72000726DA /* Products */;
			projectDirPath = "";
			projectRoot = "";
			targets = (
				8DC1189E20F44B72000726DA /* PDFReader */,
				8DC118B620F44B73000726DA /* PDFReaderTests */,
				8DC118C120F44B73000726DA /* PDFReaderUITests */,
			);
		};
/* End PBXProject section */

/* Begin PBXResourcesBuildPhase section */
		8DC1189D20F44B72000726DA /* Resources */ = {
			isa = PBXResourcesBuildPhase;
			buildActionMask = 2147483647;
			files = (
				8DC118AF20F44B73000726DA /* LaunchScreen.storyboard in Resources */,
				8DC118AC20F44B73000726DA /* Assets.xcassets in Resources */,
				8D49793220F4551B00C18D9D /* demo.pdf in Resources */,
				8DC118AA20F44B72000726DA /* Main.storyboard in Resources */,
				8D49794820F4919500C18D9D /* PDFTempToolbar.xib in Resources */,
			);
			runOnlyForDeploymentPostprocessing = 0;
		};
		8DC118B520F44B73000726DA /* Resources */ = {
			isa = PBXResourcesBuildPhase;
			buildActionMask = 2147483647;
			files = (
			);
			runOnlyForDeploymentPostprocessing = 0;
		};
		8DC118C020F44B73000726DA /* Resources */ = {
			isa = PBXResourcesBuildPhase;
			buildActionMask = 2147483647;
			files = (
			);
			runOnlyForDeploymentPostprocessing = 0;
		};
/* End PBXResourcesBuildPhase section */

/* Begin PBXShellScriptBuildPhase section */
		53B317CA4BE4BB0B68AD85FB /* [CP] Check Pods Manifest.lock */ = {
			isa = PBXShellScriptBuildPhase;
			buildActionMask = 2147483647;
			files = (
			);
			inputPaths = (
				"${PODS_PODFILE_DIR_PATH}/Podfile.lock",
				"${PODS_ROOT}/Manifest.lock",
			);
			name = "[CP] Check Pods Manifest.lock";
			outputPaths = (
				"$(DERIVED_FILE_DIR)/Pods-PDFReader-checkManifestLockResult.txt",
			);
			runOnlyForDeploymentPostprocessing = 0;
			shellPath = /bin/sh;
			shellScript = "diff \"${PODS_PODFILE_DIR_PATH}/Podfile.lock\" \"${PODS_ROOT}/Manifest.lock\" > /dev/null\nif [ $? != 0 ] ; then\n    # print error to STDERR\n    echo \"error: The sandbox is not in sync with the Podfile.lock. Run 'pod install' or update your CocoaPods installation.\" >&2\n    exit 1\nfi\n# This output is used by Xcode 'outputs' to avoid re-running this script phase.\necho \"SUCCESS\" > \"${SCRIPT_OUTPUT_FILE_0}\"\n";
			showEnvVarsInLog = 0;
		};
/* End PBXShellScriptBuildPhase section */

/* Begin PBXSourcesBuildPhase section */
		8DC1189B20F44B72000726DA /* Sources */ = {
			isa = PBXSourcesBuildPhase;
			buildActionMask = 2147483647;
			files = (
				8D49793B20F48C5300C18D9D /* ETHRBookListController.m in Sources */,
				8D49794F20F4945C00C18D9D /* NSBundle+ETHR.m in Sources */,
				8D49793820F4885B00C18D9D /* ETHRScanViewController.m in Sources */,
				8DC118B220F44B73000726DA /* main.m in Sources */,
				8D49794620F4918D00C18D9D /* PDFTempToolbar.m in Sources */,
				8D49794B20F492C000C18D9D /* ETHBaseViewController.m in Sources */,
				8DC118A420F44B72000726DA /* AppDelegate.m in Sources */,
			);
			runOnlyForDeploymentPostprocessing = 0;
		};
		8DC118B320F44B73000726DA /* Sources */ = {
			isa = PBXSourcesBuildPhase;
			buildActionMask = 2147483647;
			files = (
				8DC118BC20F44B73000726DA /* PDFReaderTests.m in Sources */,
			);
			runOnlyForDeploymentPostprocessing = 0;
		};
		8DC118BE20F44B73000726DA /* Sources */ = {
			isa = PBXSourcesBuildPhase;
			buildActionMask = 2147483647;
			files = (
				8DC118C720F44B73000726DA /* PDFReaderUITests.m in Sources */,
			);
			runOnlyForDeploymentPostprocessing = 0;
		};
/* End PBXSourcesBuildPhase section */

/* Begin PBXTargetDependency section */
		8DC118B920F44B73000726DA /* PBXTargetDependency */ = {
			isa = PBXTargetDependency;
			target = 8DC1189E20F44B72000726DA /* PDFReader */;
			targetProxy = 8DC118B820F44B73000726DA /* PBXContainerItemProxy */;
		};
		8DC118C420F44B73000726DA /* PBXTargetDependency */ = {
			isa = PBXTargetDependency;
			target = 8DC1189E20F44B72000726DA /* PDFReader */;
			targetProxy = 8DC118C320F44B73000726DA /* PBXContainerItemProxy */;
		};
/* End PBXTargetDependency section */

/* Begin PBXVariantGroup section */
		8DC118A820F44B72000726DA /* Main.storyboard */ = {
			isa = PBXVariantGroup;
			children = (
				8DC118A920F44B72000726DA /* Base */,
			);
			name = Main.storyboard;
			sourceTree = "<group>";
		};
		8DC118AD20F44B73000726DA /* LaunchScreen.storyboard */ = {
			isa = PBXVariantGroup;
			children = (
				8DC118AE20F44B73000726DA /* Base */,
			);
			name = LaunchScreen.storyboard;
			sourceTree = "<group>";
		};
/* End PBXVariantGroup section */

/* Begin XCBuildConfiguration section */
		8DC118C920F44B73000726DA /* Debug */ = {
			isa = XCBuildConfiguration;
			buildSettings = {
				ALWAYS_SEARCH_USER_PATHS = NO;
				CLANG_ANALYZER_NONNULL = YES;
				CLANG_ANALYZER_NUMBER_OBJECT_CONVERSION = YES_AGGRESSIVE;
				CLANG_CXX_LANGUAGE_STANDARD = "gnu++14";
				CLANG_CXX_LIBRARY = "libc++";
				CLANG_ENABLE_MODULES = YES;
				CLANG_ENABLE_OBJC_ARC = YES;
				CLANG_ENABLE_OBJC_WEAK = YES;
				CLANG_WARN_BLOCK_CAPTURE_AUTORELEASING = YES;
				CLANG_WARN_BOOL_CONVERSION = YES;
				CLANG_WARN_COMMA = YES;
				CLANG_WARN_CONSTANT_CONVERSION = YES;
				CLANG_WARN_DEPRECATED_OBJC_IMPLEMENTATIONS = YES;
				CLANG_WARN_DIRECT_OBJC_ISA_USAGE = YES_ERROR;
				CLANG_WARN_DOCUMENTATION_COMMENTS = YES;
				CLANG_WARN_EMPTY_BODY = YES;
				CLANG_WARN_ENUM_CONVERSION = YES;
				CLANG_WARN_INFINITE_RECURSION = YES;
				CLANG_WARN_INT_CONVERSION = YES;
				CLANG_WARN_NON_LITERAL_NULL_CONVERSION = YES;
				CLANG_WARN_OBJC_IMPLICIT_RETAIN_SELF = YES;
				CLANG_WARN_OBJC_LITERAL_CONVERSION = YES;
				CLANG_WARN_OBJC_ROOT_CLASS = YES_ERROR;
				CLANG_WARN_RANGE_LOOP_ANALYSIS = YES;
				CLANG_WARN_STRICT_PROTOTYPES = YES;
				CLANG_WARN_SUSPICIOUS_MOVE = YES;
				CLANG_WARN_UNGUARDED_AVAILABILITY = YES_AGGRESSIVE;
				CLANG_WARN_UNREACHABLE_CODE = YES;
				CLANG_WARN__DUPLICATE_METHOD_MATCH = YES;
				CODE_SIGN_IDENTITY = "iPhone Developer";
				COPY_PHASE_STRIP = NO;
				DEBUG_INFORMATION_FORMAT = dwarf;
				ENABLE_STRICT_OBJC_MSGSEND = YES;
				ENABLE_TESTABILITY = YES;
				GCC_C_LANGUAGE_STANDARD = gnu11;
				GCC_DYNAMIC_NO_PIC = NO;
				GCC_NO_COMMON_BLOCKS = YES;
				GCC_OPTIMIZATION_LEVEL = 0;
				GCC_PREPROCESSOR_DEFINITIONS = (
					"DEBUG=1",
					"$(inherited)",
				);
				GCC_WARN_64_TO_32_BIT_CONVERSION = YES;
				GCC_WARN_ABOUT_RETURN_TYPE = YES_ERROR;
				GCC_WARN_UNDECLARED_SELECTOR = YES;
				GCC_WARN_UNINITIALIZED_AUTOS = YES_AGGRESSIVE;
				GCC_WARN_UNUSED_FUNCTION = YES;
				GCC_WARN_UNUSED_VARIABLE = YES;
				IPHONEOS_DEPLOYMENT_TARGET = 12.0;
				MTL_ENABLE_DEBUG_INFO = INCLUDE_SOURCE;
				MTL_FAST_MATH = YES;
				ONLY_ACTIVE_ARCH = YES;
				SDKROOT = iphoneos;
			};
			name = Debug;
		};
		8DC118CA20F44B73000726DA /* Release */ = {
			isa = XCBuildConfiguration;
			buildSettings = {
				ALWAYS_SEARCH_USER_PATHS = NO;
				CLANG_ANALYZER_NONNULL = YES;
				CLANG_ANALYZER_NUMBER_OBJECT_CONVERSION = YES_AGGRESSIVE;
				CLANG_CXX_LANGUAGE_STANDARD = "gnu++14";
				CLANG_CXX_LIBRARY = "libc++";
				CLANG_ENABLE_MODULES = YES;
				CLANG_ENABLE_OBJC_ARC = YES;
				CLANG_ENABLE_OBJC_WEAK = YES;
				CLANG_WARN_BLOCK_CAPTURE_AUTORELEASING = YES;
				CLANG_WARN_BOOL_CONVERSION = YES;
				CLANG_WARN_COMMA = YES;
				CLANG_WARN_CONSTANT_CONVERSION = YES;
				CLANG_WARN_DEPRECATED_OBJC_IMPLEMENTATIONS = YES;
				CLANG_WARN_DIRECT_OBJC_ISA_USAGE = YES_ERROR;
				CLANG_WARN_DOCUMENTATION_COMMENTS = YES;
				CLANG_WARN_EMPTY_BODY = YES;
				CLANG_WARN_ENUM_CONVERSION = YES;
				CLANG_WARN_INFINITE_RECURSION = YES;
				CLANG_WARN_INT_CONVERSION = YES;
				CLANG_WARN_NON_LITERAL_NULL_CONVERSION = YES;
				CLANG_WARN_OBJC_IMPLICIT_RETAIN_SELF = YES;
				CLANG_WARN_OBJC_LITERAL_CONVERSION = YES;
				CLANG_WARN_OBJC_ROOT_CLASS = YES_ERROR;
				CLANG_WARN_RANGE_LOOP_ANALYSIS = YES;
				CLANG_WARN_STRICT_PROTOTYPES = YES;
				CLANG_WARN_SUSPICIOUS_MOVE = YES;
				CLANG_WARN_UNGUARDED_AVAILABILITY = YES_AGGRESSIVE;
				CLANG_WARN_UNREACHABLE_CODE = YES;
				CLANG_WARN__DUPLICATE_METHOD_MATCH = YES;
				CODE_SIGN_IDENTITY = "iPhone Developer";
				COPY_PHASE_STRIP = NO;
				DEBUG_INFORMATION_FORMAT = "dwarf-with-dsym";
				ENABLE_NS_ASSERTIONS = NO;
				ENABLE_STRICT_OBJC_MSGSEND = YES;
				GCC_C_LANGUAGE_STANDARD = gnu11;
				GCC_NO_COMMON_BLOCKS = YES;
				GCC_WARN_64_TO_32_BIT_CONVERSION = YES;
				GCC_WARN_ABOUT_RETURN_TYPE = YES_ERROR;
				GCC_WARN_UNDECLARED_SELECTOR = YES;
				GCC_WARN_UNINITIALIZED_AUTOS = YES_AGGRESSIVE;
				GCC_WARN_UNUSED_FUNCTION = YES;
				GCC_WARN_UNUSED_VARIABLE = YES;
				IPHONEOS_DEPLOYMENT_TARGET = 12.0;
				MTL_ENABLE_DEBUG_INFO = NO;
				MTL_FAST_MATH = YES;
				SDKROOT = iphoneos;
				VALIDATE_PRODUCT = YES;
			};
			name = Release;
		};
		8DC118CC20F44B73000726DA /* Debug */ = {
			isa = XCBuildConfiguration;
			baseConfigurationReference = 32DE8017391E49045E9A0A5B /* Pods-PDFReader.debug.xcconfig */;
			buildSettings = {
				ASSETCATALOG_COMPILER_APPICON_NAME = AppIcon;
				CODE_SIGN_STYLE = Automatic;
				DEVELOPMENT_TEAM = F7SF2U92CF;
				GCC_PREFIX_HEADER = "$(SRCROOT)/PDFReader/MISC/PDFReader-PrefixHeader.pch";
				INFOPLIST_FILE = PDFReader/Info.plist;
				IPHONEOS_DEPLOYMENT_TARGET = 11;
				LD_RUNPATH_SEARCH_PATHS = (
					"$(inherited)",
					"@executable_path/Frameworks",
				);
				PRODUCT_BUNDLE_IDENTIFIER = com.dianrong.uloan;
				PRODUCT_NAME = "$(TARGET_NAME)";
				TARGETED_DEVICE_FAMILY = "1,2";
			};
			name = Debug;
		};
		8DC118CD20F44B73000726DA /* Release */ = {
			isa = XCBuildConfiguration;
			baseConfigurationReference = EDBAF6CB29C9EDD1DA85563B /* Pods-PDFReader.release.xcconfig */;
			buildSettings = {
				ASSETCATALOG_COMPILER_APPICON_NAME = AppIcon;
				CODE_SIGN_STYLE = Automatic;
				DEVELOPMENT_TEAM = F7SF2U92CF;
				GCC_PREFIX_HEADER = "$(SRCROOT)/PDFReader/MISC/PDFReader-PrefixHeader.pch";
				INFOPLIST_FILE = PDFReader/Info.plist;
				IPHONEOS_DEPLOYMENT_TARGET = 11;
				LD_RUNPATH_SEARCH_PATHS = (
					"$(inherited)",
					"@executable_path/Frameworks",
				);
				PRODUCT_BUNDLE_IDENTIFIER = com.dianrong.uloan;
				PRODUCT_NAME = "$(TARGET_NAME)";
				TARGETED_DEVICE_FAMILY = "1,2";
			};
			name = Release;
		};
		8DC118CF20F44B73000726DA /* Debug */ = {
			isa = XCBuildConfiguration;
			buildSettings = {
				BUNDLE_LOADER = "$(TEST_HOST)";
				CODE_SIGN_STYLE = Automatic;
				INFOPLIST_FILE = PDFReaderTests/Info.plist;
				LD_RUNPATH_SEARCH_PATHS = (
					"$(inherited)",
					"@executable_path/Frameworks",
					"@loader_path/Frameworks",
				);
				PRODUCT_BUNDLE_IDENTIFIER = com.dianrong.PDFReaderTests;
				PRODUCT_NAME = "$(TARGET_NAME)";
				TARGETED_DEVICE_FAMILY = "1,2";
				TEST_HOST = "$(BUILT_PRODUCTS_DIR)/PDFReader.app/PDFReader";
			};
			name = Debug;
		};
		8DC118D020F44B73000726DA /* Release */ = {
			isa = XCBuildConfiguration;
			buildSettings = {
				BUNDLE_LOADER = "$(TEST_HOST)";
				CODE_SIGN_STYLE = Automatic;
				INFOPLIST_FILE = PDFReaderTests/Info.plist;
				LD_RUNPATH_SEARCH_PATHS = (
					"$(inherited)",
					"@executable_path/Frameworks",
					"@loader_path/Frameworks",
				);
				PRODUCT_BUNDLE_IDENTIFIER = com.dianrong.PDFReaderTests;
				PRODUCT_NAME = "$(TARGET_NAME)";
				TARGETED_DEVICE_FAMILY = "1,2";
				TEST_HOST = "$(BUILT_PRODUCTS_DIR)/PDFReader.app/PDFReader";
			};
			name = Release;
		};
		8DC118D220F44B73000726DA /* Debug */ = {
			isa = XCBuildConfiguration;
			buildSettings = {
				CODE_SIGN_STYLE = Automatic;
				INFOPLIST_FILE = PDFReaderUITests/Info.plist;
				LD_RUNPATH_SEARCH_PATHS = (
					"$(inherited)",
					"@executable_path/Frameworks",
					"@loader_path/Frameworks",
				);
				PRODUCT_BUNDLE_IDENTIFIER = com.dianrong.PDFReaderUITests;
				PRODUCT_NAME = "$(TARGET_NAME)";
				TARGETED_DEVICE_FAMILY = "1,2";
				TEST_TARGET_NAME = PDFReader;
			};
			name = Debug;
		};
		8DC118D320F44B73000726DA /* Release */ = {
			isa = XCBuildConfiguration;
			buildSettings = {
				CODE_SIGN_STYLE = Automatic;
				INFOPLIST_FILE = PDFReaderUITests/Info.plist;
				LD_RUNPATH_SEARCH_PATHS = (
					"$(inherited)",
					"@executable_path/Frameworks",
					"@loader_path/Frameworks",
				);
				PRODUCT_BUNDLE_IDENTIFIER = com.dianrong.PDFReaderUITests;
				PRODUCT_NAME = "$(TARGET_NAME)";
				TARGETED_DEVICE_FAMILY = "1,2";
				TEST_TARGET_NAME = PDFReader;
			};
			name = Release;
		};
/* End XCBuildConfiguration section */

/* Begin XCConfigurationList section */
		8DC1189A20F44B72000726DA /* Build configuration list for PBXProject "PDFReader" */ = {
			isa = XCConfigurationList;
			buildConfigurations = (
				8DC118C920F44B73000726DA /* Debug */,
				8DC118CA20F44B73000726DA /* Release */,
			);
			defaultConfigurationIsVisible = 0;
			defaultConfigurationName = Release;
		};
		8DC118CB20F44B73000726DA /* Build configuration list for PBXNativeTarget "PDFReader" */ = {
			isa = XCConfigurationList;
			buildConfigurations = (
				8DC118CC20F44B73000726DA /* Debug */,
				8DC118CD20F44B73000726DA /* Release */,
			);
			defaultConfigurationIsVisible = 0;
			defaultConfigurationName = Release;
		};
		8DC118CE20F44B73000726DA /* Build configuration list for PBXNativeTarget "PDFReaderTests" */ = {
			isa = XCConfigurationList;
			buildConfigurations = (
				8DC118CF20F44B73000726DA /* Debug */,
				8DC118D020F44B73000726DA /* Release */,
			);
			defaultConfigurationIsVisible = 0;
			defaultConfigurationName = Release;
		};
		8DC118D120F44B73000726DA /* Build configuration list for PBXNativeTarget "PDFReaderUITests" */ = {
			isa = XCConfigurationList;
			buildConfigurations = (
				8DC118D220F44B73000726DA /* Debug */,
				8DC118D320F44B73000726DA /* Release */,
			);
			defaultConfigurationIsVisible = 0;
			defaultConfigurationName = Release;
		};
/* End XCConfigurationList section */
	};
	rootObject = 8DC1189720F44B72000726DA /* Project object */;
}
